<?xml version="1.0" encoding="utf-8"?>
<Project ToolsVersion="4.0" xmlns="http://schemas.microsoft.com/developer/msbuild/2003">
  <ItemGroup>
    <Filter Include="소스 파일">
      <UniqueIdentifier>{4FC737F1-C7A5-4376-A066-2A32D752A2FF}</UniqueIdentifier>
      <Extensions>cpp;c;cc;cxx;c++;cppm;ixx;def;odl;idl;hpj;bat;asm;asmx</Extensions>
    </Filter>
    <Filter Include="헤더 파일">
      <UniqueIdentifier>{93995380-89BD-4b04-88EB-625FBE52EBFB}</UniqueIdentifier>
      <Extensions>h;hh;hpp;hxx;h++;hm;inl;inc;ipp;xsd</Extensions>
    </Filter>
    <Filter Include="리소스 파일">
      <UniqueIdentifier>{67DA6AB6-F800-4c08-8B7A-83BB121AAD01}</UniqueIdentifier>
      <Extensions>rc;ico;cur;bmp;dlg;rc2;rct;bin;rgs;gif;jpg;jpeg;jpe;resx;tiff;tif;png;wav;mfcribbon-ms</Extensions>
    </Filter>
  </ItemGroup>
  <ItemGroup>
    <ClInclude Include="KWater.h">
      <Filter>헤더 파일</Filter>
    </ClInclude>
    <ClInclude Include="KWaterDlg.h">
      <Filter>헤더 파일</Filter>
    </ClInclude>
    <ClInclude Include="framework.h">
      <Filter>헤더 파일</Filter>
    </ClInclude>
    <ClInclude Include="targetver.h">
      <Filter>헤더 파일</Filter>
    </ClInclude>
    <ClInclude Include="Resource.h">
      <Filter>헤더 파일</Filter>
    </ClInclude>
    <ClInclude Include="pch.h">
      <Filter>헤더 파일</Filter>
    </ClInclude>
    <ClInclude Include="AnalyzerDefine.h">
      <Filter>헤더 파일</Filter>
    </ClInclude>
    <ClInclude Include="ChartCtrl\PointsOrdering.h">
      <Filter>소스 파일</Filter>
    </ClInclude>
    <ClInclude Include="ChartCtrl.h">
      <Filter>헤더 파일</Filter>
    </ClInclude>
    <ClInclude Include="PointsOrdering.h">
      <Filter>헤더 파일</Filter>
    </ClInclude>
    <ClInclude Include="ChartAxis.h">
      <Filter>헤더 파일</Filter>
    </ClInclude>
    <ClInclude Include="ChartAxisLabel.h">
      <Filter>헤더 파일</Filter>
    </ClInclude>
    <ClInclude Include="ChartBalloonLabel.h">
      <Filter>헤더 파일</Filter>
    </ClInclude>
    <ClInclude Include="ChartBarSerie.h">
      <Filter>헤더 파일</Filter>
    </ClInclude>
    <ClInclude Include="ChartCandlestickSerie.h">
      <Filter>헤더 파일</Filter>
    </ClInclude>
    <ClInclude Include="ChartCrossHairCursor.h">
      <Filter>헤더 파일</Filter>
    </ClInclude>
    <ClInclude Include="ChartCursor.h">
      <Filter>헤더 파일</Filter>
    </ClInclude>
    <ClInclude Include="ChartDateTimeAxis.h">
      <Filter>헤더 파일</Filter>
    </ClInclude>
    <ClInclude Include="ChartDragLineCursor.h">
      <Filter>헤더 파일</Filter>
    </ClInclude>
    <ClInclude Include="ChartFont.h">
      <Filter>헤더 파일</Filter>
    </ClInclude>
    <ClInclude Include="ChartGanttSerie.h">
      <Filter>헤더 파일</Filter>
    </ClInclude>
    <ClInclude Include="ChartGradient.h">
      <Filter>헤더 파일</Filter>
    </ClInclude>
    <ClInclude Include="ChartGrid.h">
      <Filter>헤더 파일</Filter>
    </ClInclude>
    <ClInclude Include="ChartLabel.h">
      <Filter>헤더 파일</Filter>
    </ClInclude>
    <ClInclude Include="ChartLegend.h">
      <Filter>헤더 파일</Filter>
    </ClInclude>
    <ClInclude Include="ChartLineSerie.h">
      <Filter>헤더 파일</Filter>
    </ClInclude>
    <ClInclude Include="ChartLogarithmicAxis.h">
      <Filter>헤더 파일</Filter>
    </ClInclude>
    <ClInclude Include="ChartMouseListener.h">
      <Filter>헤더 파일</Filter>
    </ClInclude>
    <ClInclude Include="ChartPointsArray.h">
      <Filter>헤더 파일</Filter>
    </ClInclude>
    <ClInclude Include="ChartPointsSerie.h">
      <Filter>헤더 파일</Filter>
    </ClInclude>
    <ClInclude Include="ChartScrollBar.h">
      <Filter>헤더 파일</Filter>
    </ClInclude>
    <ClInclude Include="ChartSerie.h">
      <Filter>헤더 파일</Filter>
    </ClInclude>
    <ClInclude Include="ChartSerieBase.h">
      <Filter>헤더 파일</Filter>
    </ClInclude>
    <ClInclude Include="ChartSeriesMouseListener.h">
      <Filter>헤더 파일</Filter>
    </ClInclude>
    <ClInclude Include="ChartStandardAxis.h">
      <Filter>헤더 파일</Filter>
    </ClInclude>
    <ClInclude Include="ChartString.h">
      <Filter>헤더 파일</Filter>
    </ClInclude>
    <ClInclude Include="ChartSurfaceSerie.h">
      <Filter>헤더 파일</Filter>
    </ClInclude>
    <ClInclude Include="ChartTitle.h">
      <Filter>헤더 파일</Filter>
    </ClInclude>
    <ClInclude Include="ChartXYSerie.h">
      <Filter>헤더 파일</Filter>
    </ClInclude>
    <ClInclude Include="KWaterDB.h">
      <Filter>헤더 파일</Filter>
    </ClInclude>
    <ClInclude Include="MySQLDefinition.h">
      <Filter>헤더 파일</Filter>
    </ClInclude>
  </ItemGroup>
  <ItemGroup>
    <ClCompile Include="KWater.cpp">
      <Filter>소스 파일</Filter>
    </ClCompile>
    <ClCompile Include="KWaterDlg.cpp">
      <Filter>소스 파일</Filter>
    </ClCompile>
    <ClCompile Include="pch.cpp">
      <Filter>소스 파일</Filter>
    </ClCompile>
    <ClCompile Include="ChartBarSerie.cpp">
      <Filter>소스 파일</Filter>
    </ClCompile>
    <ClCompile Include="ChartAxis.cpp">
      <Filter>소스 파일</Filter>
    </ClCompile>
    <ClCompile Include="ChartCandlestickSerie.cpp">
      <Filter>소스 파일</Filter>
    </ClCompile>
    <ClCompile Include="ChartCtrl.cpp">
      <Filter>소스 파일</Filter>
    </ClCompile>
    <ClCompile Include="ChartDateTimeAxis.cpp">
      <Filter>소스 파일</Filter>
    </ClCompile>
    <ClCompile Include="ChartCursor.cpp">
      <Filter>소스 파일</Filter>
    </ClCompile>
    <ClCompile Include="ChartDragLineCursor.cpp">
      <Filter>소스 파일</Filter>
    </ClCompile>
    <ClCompile Include="ChartFont.cpp">
      <Filter>소스 파일</Filter>
    </ClCompile>
    <ClCompile Include="ChartGanttSerie.cpp">
      <Filter>소스 파일</Filter>
    </ClCompile>
    <ClCompile Include="ChartGradient.cpp">
      <Filter>소스 파일</Filter>
    </ClCompile>
    <ClCompile Include="ChartPointsSerie.cpp">
      <Filter>소스 파일</Filter>
    </ClCompile>
    <ClCompile Include="ChartScrollBar.cpp">
      <Filter>소스 파일</Filter>
    </ClCompile>
    <ClCompile Include="ChartSerie.cpp">
      <Filter>소스 파일</Filter>
    </ClCompile>
    <ClCompile Include="ChartStandardAxis.cpp">
      <Filter>소스 파일</Filter>
    </ClCompile>
    <ClCompile Include="ChartLegend.cpp">
      <Filter>소스 파일</Filter>
    </ClCompile>
    <ClCompile Include="ChartLineSerie.cpp">
      <Filter>소스 파일</Filter>
    </ClCompile>
    <ClCompile Include="ChartLogarithmicAxis.cpp">
      <Filter>소스 파일</Filter>
    </ClCompile>
    <ClCompile Include="ChartSurfaceSerie.cpp">
      <Filter>소스 파일</Filter>
    </ClCompile>
    <ClCompile Include="ChartTitle.cpp">
      <Filter>소스 파일</Filter>
    </ClCompile>
    <ClCompile Include="ChartXYSerie.cpp">
      <Filter>소스 파일</Filter>
    </ClCompile>
    <ClCompile Include="ChartAxisLabel.cpp">
      <Filter>소스 파일</Filter>
    </ClCompile>
    <ClCompile Include="ChartCrossHairCursor.cpp">
      <Filter>소스 파일</Filter>
    </ClCompile>
    <ClCompile Include="ChartGrid.cpp">
      <Filter>소스 파일</Filter>
    </ClCompile>
    <ClCompile Include="KWaterDB.cpp">
      <Filter>소스 파일</Filter>
    </ClCompile>
  </ItemGroup>
  <ItemGroup>
    <ResourceCompile Include="KWater.rc">
      <Filter>리소스 파일</Filter>
    </ResourceCompile>
  </ItemGroup>
  <ItemGroup>
    <None Include="res\KWater.rc2">
      <Filter>리소스 파일</Filter>
    </None>
    <None Include="ChartLabel.inl">
      <Filter>헤더 파일</Filter>
    </None>
    <None Include="ChartPointsArray.inl">
      <Filter>헤더 파일</Filter>
    </None>
    <None Include="ChartSerieBase.inl">
      <Filter>헤더 파일</Filter>
    </None>
  </ItemGroup>
  <ItemGroup>
    <Image Include="res\KWater.ico">
      <Filter>리소스 파일</Filter>
    </Image>
    <Image Include="res\icon1.ico">
      <Filter>리소스 파일</Filter>
    </Image>
    <Image Include="res\한국수자원공사.jpg.ico">
      <Filter>리소스 파일</Filter>
    </Image>
    <Image Include="res\1556786337106_1.ico">
      <Filter>리소스 파일</Filter>
    </Image>
  </ItemGroup>
</Project>